
Microsoft Visual Studio Solution File, Format Version 12.00
# Visual Studio Version 17
VisualStudioVersion = 17.10.35027.167
MinimumVisualStudioVersion = 10.0.40219.1
Project("{FAE04EC0-301F-11D3-BF4B-00C04F79EFBC}") = "SharedApp3", "SharedApp3\SharedApp3.csproj", "{E636669D-1D6F-4467-BA7A-3E402CB65D41}"
EndProject
Project("{9A19103F-16F7-4668-BE54-9A1E7A4F7556}") = "SharedApp2", "SharedApp2\SharedApp2.csproj", "{2CBD40D3-83F7-491E-9F31-BD391C456629}"
EndProject
Global
	GlobalSection(SolutionConfigurationPlatforms) = preSolution
		Debug|Any CPU = Debug|Any CPU
		Release|Any CPU = Release|Any CPU
	EndGlobalSection
	GlobalSection(ProjectConfigurationPlatforms) = postSolution
		{E636669D-1D6F-4467-BA7A-3E402CB65D41}.Debug|Any CPU.ActiveCfg = Debug|Any CPU
		{E636669D-1D6F-4467-BA7A-3E402CB65D41}.Debug|Any CPU.Build.0 = Debug|Any CPU
		{E636669D-1D6F-4467-BA7A-3E402CB65D41}.Release|Any CPU.ActiveCfg = Release|Any CPU
		{E636669D-1D6F-4467-BA7A-3E402CB65D41}.Release|Any CPU.Build.0 = Release|Any CPU
		{2CBD40D3-83F7-491E-9F31-BD391C456629}.Debug|Any CPU.ActiveCfg = Debug|Any CPU
		{2CBD40D3-83F7-491E-9F31-BD391C456629}.Debug|Any CPU.Build.0 = Debug|Any CPU
		{2CBD40D3-83F7-491E-9F31-BD391C456629}.Release|Any CPU.ActiveCfg = Release|Any CPU
		{2CBD40D3-83F7-491E-9F31-BD391C456629}.Release|Any CPU.Build.0 = Release|Any CPU
	EndGlobalSection
	GlobalSection(SolutionProperties) = preSolution
		HideSolutionNode = FALSE
	EndGlobalSection
	GlobalSection(ExtensibilityGlobals) = postSolution
		SolutionGuid = {77DA349A-A29C-4198-BCB3-64A7F6EA2D1E}
	EndGlobalSection
EndGlobal
